
Microsoft Visual Studio Solution File, Format Version 12.00
# Visual Studio Version 16
VisualStudioVersion = 16.0.32630.194
MinimumVisualStudioVersion = 10.0.40219.1
Project("{FAE04EC0-301F-11D3-BF4B-00C04F79EFBC}") = "UKZNHCMSEWEBV4", "UKZNHCMSEWEBV4.csproj", "{C1DC3BAE-BD1E-407F-91D8-99A1FFDB93B1}"
EndProject
Global
	GlobalSection(SolutionConfigurationPlatforms) = preSolution
		Debug|Any CPU = Debug|Any CPU
		Release|Any CPU = Release|Any CPU
	EndGlobalSection
	GlobalSection(ProjectConfigurationPlatforms) = postSolution
		{C1DC3BAE-BD1E-407F-91D8-99A1FFDB93B1}.Debug|Any CPU.ActiveCfg = Debug|Any CPU
		{C1DC3BAE-BD1E-407F-91D8-99A1FFDB93B1}.Debug|Any CPU.Build.0 = Debug|Any CPU
		{C1DC3BAE-BD1E-407F-91D8-99A1FFDB93B1}.Release|Any CPU.ActiveCfg = Release|Any CPU
		{C1DC3BAE-BD1E-407F-91D8-99A1FFDB93B1}.Release|Any CPU.Build.0 = Release|Any CPU
	EndGlobalSection
	GlobalSection(SolutionProperties) = preSolution
		HideSolutionNode = FALSE
	EndGlobalSection
	GlobalSection(ExtensibilityGlobals) = postSolution
		SolutionGuid = {BCC01099-6DDD-4754-B5A2-E8D2B27BB7F3}
	EndGlobalSection
EndGlobal
